{
  "name": "uniswapv3_liquidity",
  "version": "1.0.0",
  "lockfileVersion": 2,
  "requires": true,
  "packages": {
    "": {
      "version": "1.0.0",
      "license": "ISC",
      "dependencies": {
        "@uniswap/sdk-core": "^2.0.2",
        "@uniswap/v3-sdk": "^2.0.1"
      }
    },
    "node_modules/@ethersproject/abi": {
      "version": "5.1.2",
      "resolved": "https://registry.npmjs.org/@ethersproject/abi/-/abi-5.1.2.tgz",
      "integrity": "sha512-uMhoQVPX0UtfzTpekYQSEUcJGDgsJ25ifz+SV6PDETWaUFhcR8RNgb1QPTASP13inW8r6iy0/Xdq9D5hK2pNvA==",
      "funding": [
        {
          "type": "individual",
          "url": "https://gitcoin.co/grants/13/ethersjs-complete-simple-and-tiny-2"
        },
        {
          "type": "individual",
          "url": "https://www.buymeacoffee.com/ricmoo"
        }
      ],
      "dependencies": {
        "@ethersproject/address": "^5.1.0",
        "@ethersproject/bignumber": "^5.1.0",
        "@ethersproject/bytes": "^5.1.0",
        "@ethersproject/constants": "^5.1.0",
        "@ethersproject/hash": "^5.1.0",
        "@ethersproject/keccak256": "^5.1.0",
        "@ethersproject/logger": "^5.1.0",
        "@ethersproject/properties": "^5.1.0",
        "@ethersproject/strings": "^5.1.0"
      }
    },
    "node_modules/@ethersproject/abstract-provider": {
      "version": "5.1.0",
      "resolved": "https://registry.npmjs.org/@ethersproject/abstract-provider/-/abstract-provider-5.1.0.tgz",
      "integrity": "sha512-8dJUnT8VNvPwWhYIau4dwp7qe1g+KgdRm4XTWvjkI9gAT2zZa90WF5ApdZ3vl1r6NDmnn6vUVvyphClRZRteTQ==",
      "funding": [
        {
          "type": "individual",
          "url": "https://gitcoin.co/grants/13/ethersjs-complete-simple-and-tiny-2"
        },
        {
          "type": "individual",
          "url": "https://www.buymeacoffee.com/ricmoo"
        }
      ],
      "dependencies": {
        "@ethersproject/bignumber": "^5.1.0",
        "@ethersproject/bytes": "^5.1.0",
        "@ethersproject/logger": "^5.1.0",
        "@ethersproject/networks": "^5.1.0",
        "@ethersproject/properties": "^5.1.0",
        "@ethersproject/transactions": "^5.1.0",
        "@ethersproject/web": "^5.1.0"
      }
    },
    "node_modules/@ethersproject/abstract-signer": {
      "version": "5.1.0",
      "resolved": "https://registry.npmjs.org/@ethersproject/abstract-signer/-/abstract-signer-5.1.0.tgz",
      "integrity": "sha512-qQDMkjGZSSJSKl6AnfTgmz9FSnzq3iEoEbHTYwjDlEAv+LNP7zd4ixCcVWlWyk+2siud856M5CRhAmPdupeN9w==",
      "funding": [
        {
          "type": "individual",
          "url": "https://gitcoin.co/grants/13/ethersjs-complete-simple-and-tiny-2"
        },
        {
          "type": "individual",
          "url": "https://www.buymeacoffee.com/ricmoo"
        }
      ],
      "dependencies": {
        "@ethersproject/abstract-provider": "^5.1.0",
        "@ethersproject/bignumber": "^5.1.0",
        "@ethersproject/bytes": "^5.1.0",
        "@ethersproject/logger": "^5.1.0",
        "@ethersproject/properties": "^5.1.0"
      }
    },
    "node_modules/@ethersproject/address": {
      "version": "5.1.0",
      "resolved": "https://registry.npmjs.org/@ethersproject/address/-/address-5.1.0.tgz",
      "integrity": "sha512-rfWQR12eHn2cpstCFS4RF7oGjfbkZb0oqep+BfrT+gWEGWG2IowJvIsacPOvzyS1jhNF4MQ4BS59B04Mbovteg==",
      "funding": [
        {
          "type": "individual",
          "url": "https://gitcoin.co/grants/13/ethersjs-complete-simple-and-tiny-2"
        },
        {
          "type": "individual",
          "url": "https://www.buymeacoffee.com/ricmoo"
        }
      ],
      "dependencies": {
        "@ethersproject/bignumber": "^5.1.0",
        "@ethersproject/bytes": "^5.1.0",
        "@ethersproject/keccak256": "^5.1.0",
        "@ethersproject/logger": "^5.1.0",
        "@ethersproject/rlp": "^5.1.0"
      }
    },
    "node_modules/@ethersproject/base64": {
      "version": "5.1.0",
      "resolved": "https://registry.npmjs.org/@ethersproject/base64/-/base64-5.1.0.tgz",
      "integrity": "sha512-npD1bLvK4Bcxz+m4EMkx+F8Rd7CnqS9DYnhNu0/GlQBXhWjvfoAZzk5HJ0f1qeyp8d+A86PTuzLOGOXf4/CN8g==",
      "funding": [
        {
          "type": "individual",
          "url": "https://gitcoin.co/grants/13/ethersjs-complete-simple-and-tiny-2"
        },
        {
          "type": "individual",
          "url": "https://www.buymeacoffee.com/ricmoo"
        }
      ],
      "dependencies": {
        "@ethersproject/bytes": "^5.1.0"
      }
    },
    "node_modules/@ethersproject/bignumber": {
      "version": "5.1.1",
      "resolved": "https://registry.npmjs.org/@ethersproject/bignumber/-/bignumber-5.1.1.tgz",
      "integrity": "sha512-AVz5iqz7+70RIqoQTznsdJ6DOVBYciNlvO+AlQmPTB6ofCvoihI9bQdr6wljsX+d5W7Yc4nyvQvP4JMzg0Agig==",
      "funding": [
        {
          "type": "individual",
          "url": "https://gitcoin.co/grants/13/ethersjs-complete-simple-and-tiny-2"
        },
        {
          "type": "individual",
          "url": "https://www.buymeacoffee.com/ricmoo"
        }
      ],
      "dependencies": {
        "@ethersproject/bytes": "^5.1.0",
        "@ethersproject/logger": "^5.1.0",
        "bn.js": "^4.4.0"
      }
    },
    "node_modules/@ethersproject/bytes": {
      "version": "5.1.0",
      "resolved": "https://registry.npmjs.org/@ethersproject/bytes/-/bytes-5.1.0.tgz",
      "integrity": "sha512-sGTxb+LVjFxJcJeUswAIK6ncgOrh3D8c192iEJd7mLr95V6du119rRfYT/b87WPkZ5I3gRBUYIYXtdgCWACe8g==",
      "funding": [
        {
          "type": "individual",
          "url": "https://gitcoin.co/grants/13/ethersjs-complete-simple-and-tiny-2"
        },
        {
          "type": "individual",
          "url": "https://www.buymeacoffee.com/ricmoo"
        }
      ],
      "dependencies": {
        "@ethersproject/logger": "^5.1.0"
      }
    },
    "node_modules/@ethersproject/constants": {
      "version": "5.1.0",
      "resolved": "https://registry.npmjs.org/@ethersproject/constants/-/constants-5.1.0.tgz",
      "integrity": "sha512-0/SuHrxc8R8k+JiLmJymxHJbojUDWBQqO+b+XFdwaP0jGzqC09YDy/CAlSZB6qHsBifY8X3I89HcK/oMqxRdBw==",
      "funding": [
        {
          "type": "individual",
          "url": "https://gitcoin.co/grants/13/ethersjs-complete-simple-and-tiny-2"
        },
        {
          "type": "individual",
          "url": "https://www.buymeacoffee.com/ricmoo"
        }
      ],
      "dependencies": {
        "@ethersproject/bignumber": "^5.1.0"
      }
    },
    "node_modules/@ethersproject/hash": {
      "version": "5.1.0",
      "resolved": "https://registry.npmjs.org/@ethersproject/hash/-/hash-5.1.0.tgz",
      "integrity": "sha512-fNwry20yLLPpnRRwm3fBL+2ksgO+KMadxM44WJmRIoTKzy4269+rbq9KFoe2LTqq2CXJM2CE70beGaNrpuqflQ==",
      "funding": [
        {
          "type": "individual",
          "url": "https://gitcoin.co/grants/13/ethersjs-complete-simple-and-tiny-2"
        },
        {
          "type": "individual",
          "url": "https://www.buymeacoffee.com/ricmoo"
        }
      ],
      "dependencies": {
        "@ethersproject/abstract-signer": "^5.1.0",
        "@ethersproject/address": "^5.1.0",
        "@ethersproject/bignumber": "^5.1.0",
        "@ethersproject/bytes": "^5.1.0",
        "@ethersproject/keccak256": "^5.1.0",
        "@ethersproject/logger": "^5.1.0",
        "@ethersproject/properties": "^5.1.0",
        "@ethersproject/strings": "^5.1.0"
      }
    },
    "node_modules/@ethersproject/keccak256": {
      "version": "5.1.0",
      "resolved": "https://registry.npmjs.org/@ethersproject/keccak256/-/keccak256-5.1.0.tgz",
      "integrity": "sha512-vrTB1W6AEYoadww5c9UyVJ2YcSiyIUTNDRccZIgwTmFFoSHwBtcvG1hqy9RzJ1T0bMdATbM9Hfx2mJ6H0i7Hig==",
      "funding": [
        {
          "type": "individual",
          "url": "https://gitcoin.co/grants/13/ethersjs-complete-simple-and-tiny-2"
        },
        {
          "type": "individual",
          "url": "https://www.buymeacoffee.com/ricmoo"
        }
      ],
      "dependencies": {
        "@ethersproject/bytes": "^5.1.0",
        "js-sha3": "0.5.7"
      }
    },
    "node_modules/@ethersproject/logger": {
      "version": "5.1.0",
      "resolved": "https://registry.npmjs.org/@ethersproject/logger/-/logger-5.1.0.tgz",
      "integrity": "sha512-wtUaD1lBX10HBXjjKV9VHCBnTdUaKQnQ2XSET1ezglqLdPdllNOIlLfhyCRqXm5xwcjExVI5ETokOYfjPtaAlw==",
      "funding": [
        {
          "type": "individual",
          "url": "https://gitcoin.co/grants/13/ethersjs-complete-simple-and-tiny-2"
        },
        {
          "type": "individual",
          "url": "https://www.buymeacoffee.com/ricmoo"
        }
      ]
    },
    "node_modules/@ethersproject/networks": {
      "version": "5.1.0",
      "resolved": "https://registry.npmjs.org/@ethersproject/networks/-/networks-5.1.0.tgz",
      "integrity": "sha512-A/NIrIED/G/IgU1XUukOA3WcFRxn2I4O5GxsYGA5nFlIi+UZWdGojs85I1VXkR1gX9eFnDXzjE6OtbgZHjFhIA==",
      "funding": [
        {
          "type": "individual",
          "url": "https://gitcoin.co/grants/13/ethersjs-complete-simple-and-tiny-2"
        },
        {
          "type": "individual",
          "url": "https://www.buymeacoffee.com/ricmoo"
        }
      ],
      "dependencies": {
        "@ethersproject/logger": "^5.1.0"
      }
    },
    "node_modules/@ethersproject/properties": {
      "version": "5.1.0",
      "resolved": "https://registry.npmjs.org/@ethersproject/properties/-/properties-5.1.0.tgz",
      "integrity": "sha512-519KKTwgmH42AQL3+GFV3SX6khYEfHsvI6v8HYejlkigSDuqttdgVygFTDsGlofNFchhDwuclrxQnD5B0YLNMg==",
      "funding": [
        {
          "type": "individual",
          "url": "https://gitcoin.co/grants/13/ethersjs-complete-simple-and-tiny-2"
        },
        {
          "type": "individual",
          "url": "https://www.buymeacoffee.com/ricmoo"
        }
      ],
      "dependencies": {
        "@ethersproject/logger": "^5.1.0"
      }
    },
    "node_modules/@ethersproject/rlp": {
      "version": "5.1.0",
      "resolved": "https://registry.npmjs.org/@ethersproject/rlp/-/rlp-5.1.0.tgz",
      "integrity": "sha512-vDTyHIwNPrecy55gKGZ47eJZhBm8LLBxihzi5ou+zrSvYTpkSTWRcKUlXFDFQVwfWB+P5PGyERAdiDEI76clxw==",
      "funding": [
        {
          "type": "individual",
          "url": "https://gitcoin.co/grants/13/ethersjs-complete-simple-and-tiny-2"
        },
        {
          "type": "individual",
          "url": "https://www.buymeacoffee.com/ricmoo"
        }
      ],
      "dependencies": {
        "@ethersproject/bytes": "^5.1.0",
        "@ethersproject/logger": "^5.1.0"
      }
    },
    "node_modules/@ethersproject/sha2": {
      "version": "5.1.0",
      "resolved": "https://registry.npmjs.org/@ethersproject/sha2/-/sha2-5.1.0.tgz",
      "integrity": "sha512-+fNSeZRstOpdRJpdGUkRONFCaiAqWkc91zXgg76Nlp5ndBQE25Kk5yK8gCPG1aGnCrbariiPr5j9DmrYH78JCA==",
      "funding": [
        {
          "type": "individual",
          "url": "https://gitcoin.co/grants/13/ethersjs-complete-simple-and-tiny-2"
        },
        {
          "type": "individual",
          "url": "https://www.buymeacoffee.com/ricmoo"
        }
      ],
      "dependencies": {
        "@ethersproject/bytes": "^5.1.0",
        "@ethersproject/logger": "^5.1.0",
        "hash.js": "1.1.3"
      }
    },
    "node_modules/@ethersproject/signing-key": {
      "version": "5.1.0",
      "resolved": "https://registry.npmjs.org/@ethersproject/signing-key/-/signing-key-5.1.0.tgz",
      "integrity": "sha512-tE5LFlbmdObG8bY04NpuwPWSRPgEswfxweAI1sH7TbP0ml1elNfqcq7ii/3AvIN05i5U0Pkm3Tf8bramt8MmLw==",
      "funding": [
        {
          "type": "individual",
          "url": "https://gitcoin.co/grants/13/ethersjs-complete-simple-and-tiny-2"
        },
        {
          "type": "individual",
          "url": "https://www.buymeacoffee.com/ricmoo"
        }
      ],
      "dependencies": {
        "@ethersproject/bytes": "^5.1.0",
        "@ethersproject/logger": "^5.1.0",
        "@ethersproject/properties": "^5.1.0",
        "bn.js": "^4.4.0",
        "elliptic": "6.5.4"
      }
    },
    "node_modules/@ethersproject/solidity": {
      "version": "5.1.0",
      "resolved": "https://registry.npmjs.org/@ethersproject/solidity/-/solidity-5.1.0.tgz",
      "integrity": "sha512-kPodsGyo9zg1g9XSXp1lGhFaezBAUUsAUB1Vf6OkppE5Wksg4Et+x3kG4m7J/uShDMP2upkJtHNsIBK2XkVpKQ==",
      "funding": [
        {
          "type": "individual",
          "url": "https://gitcoin.co/grants/13/ethersjs-complete-simple-and-tiny-2"
        },
        {
          "type": "individual",
          "url": "https://www.buymeacoffee.com/ricmoo"
        }
      ],
      "dependencies": {
        "@ethersproject/bignumber": "^5.1.0",
        "@ethersproject/bytes": "^5.1.0",
        "@ethersproject/keccak256": "^5.1.0",
        "@ethersproject/sha2": "^5.1.0",
        "@ethersproject/strings": "^5.1.0"
      }
    },
    "node_modules/@ethersproject/strings": {
      "version": "5.1.0",
      "resolved": "https://registry.npmjs.org/@ethersproject/strings/-/strings-5.1.0.tgz",
      "integrity": "sha512-perBZy0RrmmL0ejiFGUOlBVjMsUceqLut3OBP3zP96LhiJWWbS8u1NqQVgN4/Gyrbziuda66DxiQocXhsvx+Sw==",
      "funding": [
        {
          "type": "individual",
          "url": "https://gitcoin.co/grants/13/ethersjs-complete-simple-and-tiny-2"
        },
        {
          "type": "individual",
          "url": "https://www.buymeacoffee.com/ricmoo"
        }
      ],
      "dependencies": {
        "@ethersproject/bytes": "^5.1.0",
        "@ethersproject/constants": "^5.1.0",
        "@ethersproject/logger": "^5.1.0"
      }
    },
    "node_modules/@ethersproject/transactions": {
      "version": "5.1.1",
      "resolved": "https://registry.npmjs.org/@ethersproject/transactions/-/transactions-5.1.1.tgz",
      "integrity": "sha512-Nwgbp09ttIVN0OoUBatCXaHxR7grWPHbozJN8v7AXDLrl6nnOIBEMDh+yJTnosSQlFhcyjfTGGN+Mx6R8HdvMw==",
      "funding": [
        {
          "type": "individual",
          "url": "https://gitcoin.co/grants/13/ethersjs-complete-simple-and-tiny-2"
        },
        {
          "type": "individual",
          "url": "https://www.buymeacoffee.com/ricmoo"
        }
      ],
      "dependencies": {
        "@ethersproject/address": "^5.1.0",
        "@ethersproject/bignumber": "^5.1.0",
        "@ethersproject/bytes": "^5.1.0",
        "@ethersproject/constants": "^5.1.0",
        "@ethersproject/keccak256": "^5.1.0",
        "@ethersproject/logger": "^5.1.0",
        "@ethersproject/properties": "^5.1.0",
        "@ethersproject/rlp": "^5.1.0",
        "@ethersproject/signing-key": "^5.1.0"
      }
    },
    "node_modules/@ethersproject/web": {
      "version": "5.1.0",
      "resolved": "https://registry.npmjs.org/@ethersproject/web/-/web-5.1.0.tgz",
      "integrity": "sha512-LTeluWgTq04+RNqAkVhpydPcRZK/kKxD2Vy7PYGrAD27ABO9kTqTBKwiOuzTyAHKUQHfnvZbXmxBXJAGViSDcA==",
      "funding": [
        {
          "type": "individual",
          "url": "https://gitcoin.co/grants/13/ethersjs-complete-simple-and-tiny-2"
        },
        {
          "type": "individual",
          "url": "https://www.buymeacoffee.com/ricmoo"
        }
      ],
      "dependencies": {
        "@ethersproject/base64": "^5.1.0",
        "@ethersproject/bytes": "^5.1.0",
        "@ethersproject/logger": "^5.1.0",
        "@ethersproject/properties": "^5.1.0",
        "@ethersproject/strings": "^5.1.0"
      }
    },
    "node_modules/@openzeppelin/contracts": {
      "version": "3.4.1-solc-0.7-2",
      "resolved": "https://registry.npmjs.org/@openzeppelin/contracts/-/contracts-3.4.1-solc-0.7-2.tgz",
      "integrity": "sha512-tAG9LWg8+M2CMu7hIsqHPaTyG4uDzjr6mhvH96LvOpLZZj6tgzTluBt+LsCf1/QaYrlis6pITvpIaIhE+iZB+Q=="
    },
    "node_modules/@uniswap/lib": {
      "version": "4.0.1-alpha",
      "resolved": "https://registry.npmjs.org/@uniswap/lib/-/lib-4.0.1-alpha.tgz",
      "integrity": "sha512-f6UIliwBbRsgVLxIaBANF6w09tYqc6Y/qXdsrbEmXHyFA7ILiKrIwRFXe1yOg8M3cksgVsO9N7yuL2DdCGQKBA==",
      "engines": {
        "node": ">=10"
      }
    },
    "node_modules/@uniswap/sdk-core": {
      "version": "2.0.2",
      "resolved": "https://registry.npmjs.org/@uniswap/sdk-core/-/sdk-core-2.0.2.tgz",
      "integrity": "sha512-Cx6epJgXE/b9ZP8GAes3LiYFXuxfd7UDZtn8Wvxr6xEMh8T21HHbsoEs9sB8iCBYfYuw2PT+Pza4GJqQNvnddg==",
      "dependencies": {
        "@ethersproject/address": "^5.0.2",
        "big.js": "^5.2.2",
        "decimal.js-light": "^2.5.0",
        "jsbi": "^3.1.4",
        "tiny-invariant": "^1.1.0",
        "toformat": "^2.0.0"
      },
      "engines": {
        "node": ">=10"
      }
    },
    "node_modules/@uniswap/v2-core": {
      "version": "1.0.1",
      "resolved": "https://registry.npmjs.org/@uniswap/v2-core/-/v2-core-1.0.1.tgz",
      "integrity": "sha512-MtybtkUPSyysqLY2U210NBDeCHX+ltHt3oADGdjqoThZaFRDKwM6k1Nb3F0A3hk5hwuQvytFWhrWHOEq6nVJ8Q==",
      "engines": {
        "node": ">=10"
      }
    },
    "node_modules/@uniswap/v3-core": {
      "version": "1.0.0",
      "resolved": "https://registry.npmjs.org/@uniswap/v3-core/-/v3-core-1.0.0.tgz",
      "integrity": "sha512-kSC4djMGKMHj7sLMYVnn61k9nu+lHjMIxgg9CDQT+s2QYLoA56GbSK9Oxr+qJXzzygbkrmuY6cwgP6cW2JXPFA==",
      "engines": {
        "node": ">=10"
      }
    },
    "node_modules/@uniswap/v3-periphery": {
      "version": "1.0.0",
      "resolved": "https://registry.npmjs.org/@uniswap/v3-periphery/-/v3-periphery-1.0.0.tgz",
      "integrity": "sha512-kRqUrjnyh+X1wJdSENPDFr9sjRVebv2KyLtfqDOPij0dXJ69GspFU2qrZXjouc6LYdkWG7x3fagiTlw0eGniYQ==",
      "dependencies": {
        "@openzeppelin/contracts": "3.4.1-solc-0.7-2",
        "@uniswap/lib": "^4.0.1-alpha",
        "@uniswap/v2-core": "1.0.1",
        "@uniswap/v3-core": "1.0.0",
        "base64-sol": "1.0.1"
      },
      "engines": {
        "node": ">=10"
      }
    },
    "node_modules/@uniswap/v3-sdk": {
      "version": "2.0.1",
      "resolved": "https://registry.npmjs.org/@uniswap/v3-sdk/-/v3-sdk-2.0.1.tgz",
      "integrity": "sha512-oycuEqGLW+iTcmeZHKOea1H5j9M9tknsEMonSKu5awQ4PPPjtALUYucxyO8W2INTGakLonEPWu6eTv/Q47PDmg==",
      "dependencies": {
        "@ethersproject/abi": "^5.0.12",
        "@ethersproject/solidity": "^5.0.9",
        "@uniswap/sdk-core": "^2.0.2",
        "@uniswap/v3-periphery": "1.0.0",
        "tiny-invariant": "^1.1.0",
        "tiny-warning": "^1.0.3"
      },
      "engines": {
        "node": ">=10"
      }
    },
    "node_modules/base64-sol": {
      "version": "1.0.1",
      "resolved": "https://registry.npmjs.org/base64-sol/-/base64-sol-1.0.1.tgz",
      "integrity": "sha512-ld3cCNMeXt4uJXmLZBHFGMvVpK9KsLVEhPpFRXnvSVAqABKbuNZg/+dsq3NuM+wxFLb/UrVkz7m1ciWmkMfTbg=="
    },
    "node_modules/big.js": {
      "version": "5.2.2",
      "resolved": "https://registry.npmjs.org/big.js/-/big.js-5.2.2.tgz",
      "integrity": "sha512-vyL2OymJxmarO8gxMr0mhChsO9QGwhynfuu4+MHTAW6czfq9humCB7rKpUjDd9YUiDPU4mzpyupFSvOClAwbmQ==",
      "engines": {
        "node": "*"
      }
    },
    "node_modules/bn.js": {
      "version": "4.12.0",
      "resolved": "https://registry.npmjs.org/bn.js/-/bn.js-4.12.0.tgz",
      "integrity": "sha512-c98Bf3tPniI+scsdk237ku1Dc3ujXQTSgyiPUDEOe7tRkhrqridvh8klBv0HCEso1OLOYcHuCv/cS6DNxKH+ZA=="
    },
    "node_modules/brorand": {
      "version": "1.1.0",
      "resolved": "https://registry.npmjs.org/brorand/-/brorand-1.1.0.tgz",
      "integrity": "sha1-EsJe/kCkXjwyPrhnWgoM5XsiNx8="
    },
    "node_modules/decimal.js-light": {
      "version": "2.5.1",
      "resolved": "https://registry.npmjs.org/decimal.js-light/-/decimal.js-light-2.5.1.tgz",
      "integrity": "sha512-qIMFpTMZmny+MMIitAB6D7iVPEorVw6YQRWkvarTkT4tBeSLLiHzcwj6q0MmYSFCiVpiqPJTJEYIrpcPzVEIvg=="
    },
    "node_modules/elliptic": {
      "version": "6.5.4",
      "resolved": "https://registry.npmjs.org/elliptic/-/elliptic-6.5.4.tgz",
      "integrity": "sha512-iLhC6ULemrljPZb+QutR5TQGB+pdW6KGD5RSegS+8sorOZT+rdQFbsQFJgvN3eRqNALqJer4oQ16YvJHlU8hzQ==",
      "dependencies": {
        "bn.js": "^4.11.9",
        "brorand": "^1.1.0",
        "hash.js": "^1.0.0",
        "hmac-drbg": "^1.0.1",
        "inherits": "^2.0.4",
        "minimalistic-assert": "^1.0.1",
        "minimalistic-crypto-utils": "^1.0.1"
      }
    },
    "node_modules/hash.js": {
      "version": "1.1.3",
      "resolved": "https://registry.npmjs.org/hash.js/-/hash.js-1.1.3.tgz",
      "integrity": "sha512-/UETyP0W22QILqS+6HowevwhEFJ3MBJnwTf75Qob9Wz9t0DPuisL8kW8YZMK62dHAKE1c1p+gY1TtOLY+USEHA==",
      "dependencies": {
        "inherits": "^2.0.3",
        "minimalistic-assert": "^1.0.0"
      }
    },
    "node_modules/hmac-drbg": {
      "version": "1.0.1",
      "resolved": "https://registry.npmjs.org/hmac-drbg/-/hmac-drbg-1.0.1.tgz",
      "integrity": "sha1-0nRXAQJabHdabFRXk+1QL8DGSaE=",
      "dependencies": {
        "hash.js": "^1.0.3",
        "minimalistic-assert": "^1.0.0",
        "minimalistic-crypto-utils": "^1.0.1"
      }
    },
    "node_modules/inherits": {
      "version": "2.0.4",
      "resolved": "https://registry.npmjs.org/inherits/-/inherits-2.0.4.tgz",
      "integrity": "sha512-k/vGaX4/Yla3WzyMCvTQOXYeIHvqOKtnqBduzTHpzpQZzAskKMhZ2K+EnBiSM9zGSoIFeMpXKxa4dYeZIQqewQ=="
    },
    "node_modules/js-sha3": {
      "version": "0.5.7",
      "resolved": "https://registry.npmjs.org/js-sha3/-/js-sha3-0.5.7.tgz",
      "integrity": "sha1-DU/9gALVMzqrr0oj7tL2N0yfKOc="
    },
    "node_modules/jsbi": {
      "version": "3.1.4",
      "resolved": "https://registry.npmjs.org/jsbi/-/jsbi-3.1.4.tgz",
      "integrity": "sha512-52QRRFSsi9impURE8ZUbzAMCLjPm4THO7H2fcuIvaaeFTbSysvkodbQQXIVsNgq/ypDbq6dJiuGKL0vZ/i9hUg=="
    },
    "node_modules/minimalistic-assert": {
      "version": "1.0.1",
      "resolved": "https://registry.npmjs.org/minimalistic-assert/-/minimalistic-assert-1.0.1.tgz",
      "integrity": "sha512-UtJcAD4yEaGtjPezWuO9wC4nwUnVH/8/Im3yEHQP4b67cXlD/Qr9hdITCU1xDbSEXg2XKNaP8jsReV7vQd00/A=="
    },
    "node_modules/minimalistic-crypto-utils": {
      "version": "1.0.1",
      "resolved": "https://registry.npmjs.org/minimalistic-crypto-utils/-/minimalistic-crypto-utils-1.0.1.tgz",
      "integrity": "sha1-9sAMHAsIIkblxNmd+4x8CDsrWCo="
    },
    "node_modules/tiny-invariant": {
      "version": "1.1.0",
      "resolved": "https://registry.npmjs.org/tiny-invariant/-/tiny-invariant-1.1.0.tgz",
      "integrity": "sha512-ytxQvrb1cPc9WBEI/HSeYYoGD0kWnGEOR8RY6KomWLBVhqz0RgTwVO9dLrGz7dC+nN9llyI7OKAgRq8Vq4ZBSw=="
    },
    "node_modules/tiny-warning": {
      "version": "1.0.3",
      "resolved": "https://registry.npmjs.org/tiny-warning/-/tiny-warning-1.0.3.tgz",
      "integrity": "sha512-lBN9zLN/oAf68o3zNXYrdCt1kP8WsiGW8Oo2ka41b2IM5JL/S1CTyX1rW0mb/zSuJun0ZUrDxx4sqvYS2FWzPA=="
    },
    "node_modules/toformat": {
      "version": "2.0.0",
      "resolved": "https://registry.npmjs.org/toformat/-/toformat-2.0.0.tgz",
      "integrity": "sha512-03SWBVop6nU8bpyZCx7SodpYznbZF5R4ljwNLBcTQzKOD9xuihRo/psX58llS1BMFhhAI08H3luot5GoXJz2pQ=="
    }
  },
  "dependencies": {
    "@ethersproject/abi": {
      "version": "5.1.2",
      "resolved": "https://registry.npmjs.org/@ethersproject/abi/-/abi-5.1.2.tgz",
      "integrity": "sha512-uMhoQVPX0UtfzTpekYQSEUcJGDgsJ25ifz+SV6PDETWaUFhcR8RNgb1QPTASP13inW8r6iy0/Xdq9D5hK2pNvA==",
      "requires": {
        "@ethersproject/address": "^5.1.0",
        "@ethersproject/bignumber": "^5.1.0",
        "@ethersproject/bytes": "^5.1.0",
        "@ethersproject/constants": "^5.1.0",
        "@ethersproject/hash": "^5.1.0",
        "@ethersproject/keccak256": "^5.1.0",
        "@ethersproject/logger": "^5.1.0",
        "@ethersproject/properties": "^5.1.0",
        "@ethersproject/strings": "^5.1.0"
      }
    },
    "@ethersproject/abstract-provider": {
      "version": "5.1.0",
      "resolved": "https://registry.npmjs.org/@ethersproject/abstract-provider/-/abstract-provider-5.1.0.tgz",
      "integrity": "sha512-8dJUnT8VNvPwWhYIau4dwp7qe1g+KgdRm4XTWvjkI9gAT2zZa90WF5ApdZ3vl1r6NDmnn6vUVvyphClRZRteTQ==",
      "requires": {
        "@ethersproject/bignumber": "^5.1.0",
        "@ethersproject/bytes": "^5.1.0",
        "@ethersproject/logger": "^5.1.0",
        "@ethersproject/networks": "^5.1.0",
        "@ethersproject/properties": "^5.1.0",
        "@ethersproject/transactions": "^5.1.0",
        "@ethersproject/web": "^5.1.0"
      }
    },
    "@ethersproject/abstract-signer": {
      "version": "5.1.0",
      "resolved": "https://registry.npmjs.org/@ethersproject/abstract-signer/-/abstract-signer-5.1.0.tgz",
      "integrity": "sha512-qQDMkjGZSSJSKl6AnfTgmz9FSnzq3iEoEbHTYwjDlEAv+LNP7zd4ixCcVWlWyk+2siud856M5CRhAmPdupeN9w==",
      "requires": {
        "@ethersproject/abstract-provider": "^5.1.0",
        "@ethersproject/bignumber": "^5.1.0",
        "@ethersproject/bytes": "^5.1.0",
        "@ethersproject/logger": "^5.1.0",
        "@ethersproject/properties": "^5.1.0"
      }
    },
    "@ethersproject/address": {
      "version": "5.1.0",
      "resolved": "https://registry.npmjs.org/@ethersproject/address/-/address-5.1.0.tgz",
      "integrity": "sha512-rfWQR12eHn2cpstCFS4RF7oGjfbkZb0oqep+BfrT+gWEGWG2IowJvIsacPOvzyS1jhNF4MQ4BS59B04Mbovteg==",
      "requires": {
        "@ethersproject/bignumber": "^5.1.0",
        "@ethersproject/bytes": "^5.1.0",
        "@ethersproject/keccak256": "^5.1.0",
        "@ethersproject/logger": "^5.1.0",
        "@ethersproject/rlp": "^5.1.0"
      }
    },
    "@ethersproject/base64": {
      "version": "5.1.0",
      "resolved": "https://registry.npmjs.org/@ethersproject/base64/-/base64-5.1.0.tgz",
      "integrity": "sha512-npD1bLvK4Bcxz+m4EMkx+F8Rd7CnqS9DYnhNu0/GlQBXhWjvfoAZzk5HJ0f1qeyp8d+A86PTuzLOGOXf4/CN8g==",
      "requires": {
        "@ethersproject/bytes": "^5.1.0"
      }
    },
    "@ethersproject/bignumber": {
      "version": "5.1.1",
      "resolved": "https://registry.npmjs.org/@ethersproject/bignumber/-/bignumber-5.1.1.tgz",
      "integrity": "sha512-AVz5iqz7+70RIqoQTznsdJ6DOVBYciNlvO+AlQmPTB6ofCvoihI9bQdr6wljsX+d5W7Yc4nyvQvP4JMzg0Agig==",
      "requires": {
        "@ethersproject/bytes": "^5.1.0",
        "@ethersproject/logger": "^5.1.0",
        "bn.js": "^4.4.0"
      }
    },
    "@ethersproject/bytes": {
      "version": "5.1.0",
      "resolved": "https://registry.npmjs.org/@ethersproject/bytes/-/bytes-5.1.0.tgz",
      "integrity": "sha512-sGTxb+LVjFxJcJeUswAIK6ncgOrh3D8c192iEJd7mLr95V6du119rRfYT/b87WPkZ5I3gRBUYIYXtdgCWACe8g==",
      "requires": {
        "@ethersproject/logger": "^5.1.0"
      }
    },
    "@ethersproject/constants": {
      "version": "5.1.0",
      "resolved": "https://registry.npmjs.org/@ethersproject/constants/-/constants-5.1.0.tgz",
      "integrity": "sha512-0/SuHrxc8R8k+JiLmJymxHJbojUDWBQqO+b+XFdwaP0jGzqC09YDy/CAlSZB6qHsBifY8X3I89HcK/oMqxRdBw==",
      "requires": {
        "@ethersproject/bignumber": "^5.1.0"
      }
    },
    "@ethersproject/hash": {
      "version": "5.1.0",
      "resolved": "https://registry.npmjs.org/@ethersproject/hash/-/hash-5.1.0.tgz",
      "integrity": "sha512-fNwry20yLLPpnRRwm3fBL+2ksgO+KMadxM44WJmRIoTKzy4269+rbq9KFoe2LTqq2CXJM2CE70beGaNrpuqflQ==",
      "requires": {
        "@ethersproject/abstract-signer": "^5.1.0",
        "@ethersproject/address": "^5.1.0",
        "@ethersproject/bignumber": "^5.1.0",
        "@ethersproject/bytes": "^5.1.0",
        "@ethersproject/keccak256": "^5.1.0",
        "@ethersproject/logger": "^5.1.0",
        "@ethersproject/properties": "^5.1.0",
        "@ethersproject/strings": "^5.1.0"
      }
    },
    "@ethersproject/keccak256": {
      "version": "5.1.0",
      "resolved": "https://registry.npmjs.org/@ethersproject/keccak256/-/keccak256-5.1.0.tgz",
      "integrity": "sha512-vrTB1W6AEYoadww5c9UyVJ2YcSiyIUTNDRccZIgwTmFFoSHwBtcvG1hqy9RzJ1T0bMdATbM9Hfx2mJ6H0i7Hig==",
      "requires": {
        "@ethersproject/bytes": "^5.1.0",
        "js-sha3": "0.5.7"
      }
    },
    "@ethersproject/logger": {
      "version": "5.1.0",
      "resolved": "https://registry.npmjs.org/@ethersproject/logger/-/logger-5.1.0.tgz",
      "integrity": "sha512-wtUaD1lBX10HBXjjKV9VHCBnTdUaKQnQ2XSET1ezglqLdPdllNOIlLfhyCRqXm5xwcjExVI5ETokOYfjPtaAlw=="
    },
    "@ethersproject/networks": {
      "version": "5.1.0",
      "resolved": "https://registry.npmjs.org/@ethersproject/networks/-/networks-5.1.0.tgz",
      "integrity": "sha512-A/NIrIED/G/IgU1XUukOA3WcFRxn2I4O5GxsYGA5nFlIi+UZWdGojs85I1VXkR1gX9eFnDXzjE6OtbgZHjFhIA==",
      "requires": {
        "@ethersproject/logger": "^5.1.0"
      }
    },
    "@ethersproject/properties": {
      "version": "5.1.0",
      "resolved": "https://registry.npmjs.org/@ethersproject/properties/-/properties-5.1.0.tgz",
      "integrity": "sha512-519KKTwgmH42AQL3+GFV3SX6khYEfHsvI6v8HYejlkigSDuqttdgVygFTDsGlofNFchhDwuclrxQnD5B0YLNMg==",
      "requires": {
        "@ethersproject/logger": "^5.1.0"
      }
    },
    "@ethersproject/rlp": {
      "version": "5.1.0",
      "resolved": "https://registry.npmjs.org/@ethersproject/rlp/-/rlp-5.1.0.tgz",
      "integrity": "sha512-vDTyHIwNPrecy55gKGZ47eJZhBm8LLBxihzi5ou+zrSvYTpkSTWRcKUlXFDFQVwfWB+P5PGyERAdiDEI76clxw==",
      "requires": {
        "@ethersproject/bytes": "^5.1.0",
        "@ethersproject/logger": "^5.1.0"
      }
    },
    "@ethersproject/sha2": {
      "version": "5.1.0",
      "resolved": "https://registry.npmjs.org/@ethersproject/sha2/-/sha2-5.1.0.tgz",
      "integrity": "sha512-+fNSeZRstOpdRJpdGUkRONFCaiAqWkc91zXgg76Nlp5ndBQE25Kk5yK8gCPG1aGnCrbariiPr5j9DmrYH78JCA==",
      "requires": {
        "@ethersproject/bytes": "^5.1.0",
        "@ethersproject/logger": "^5.1.0",
        "hash.js": "1.1.3"
      }
    },
    "@ethersproject/signing-key": {
      "version": "5.1.0",
      "resolved": "https://registry.npmjs.org/@ethersproject/signing-key/-/signing-key-5.1.0.tgz",
      "integrity": "sha512-tE5LFlbmdObG8bY04NpuwPWSRPgEswfxweAI1sH7TbP0ml1elNfqcq7ii/3AvIN05i5U0Pkm3Tf8bramt8MmLw==",
      "requires": {
        "@ethersproject/bytes": "^5.1.0",
        "@ethersproject/logger": "^5.1.0",
        "@ethersproject/properties": "^5.1.0",
        "bn.js": "^4.4.0",
        "elliptic": "6.5.4"
      }
    },
    "@ethersproject/solidity": {
      "version": "5.1.0",
      "resolved": "https://registry.npmjs.org/@ethersproject/solidity/-/solidity-5.1.0.tgz",
      "integrity": "sha512-kPodsGyo9zg1g9XSXp1lGhFaezBAUUsAUB1Vf6OkppE5Wksg4Et+x3kG4m7J/uShDMP2upkJtHNsIBK2XkVpKQ==",
      "requires": {
        "@ethersproject/bignumber": "^5.1.0",
        "@ethersproject/bytes": "^5.1.0",
        "@ethersproject/keccak256": "^5.1.0",
        "@ethersproject/sha2": "^5.1.0",
        "@ethersproject/strings": "^5.1.0"
      }
    },
    "@ethersproject/strings": {
      "version": "5.1.0",
      "resolved": "https://registry.npmjs.org/@ethersproject/strings/-/strings-5.1.0.tgz",
      "integrity": "sha512-perBZy0RrmmL0ejiFGUOlBVjMsUceqLut3OBP3zP96LhiJWWbS8u1NqQVgN4/Gyrbziuda66DxiQocXhsvx+Sw==",
      "requires": {
        "@ethersproject/bytes": "^5.1.0",
        "@ethersproject/constants": "^5.1.0",
        "@ethersproject/logger": "^5.1.0"
      }
    },
    "@ethersproject/transactions": {
      "version": "5.1.1",
      "resolved": "https://registry.npmjs.org/@ethersproject/transactions/-/transactions-5.1.1.tgz",
      "integrity": "sha512-Nwgbp09ttIVN0OoUBatCXaHxR7grWPHbozJN8v7AXDLrl6nnOIBEMDh+yJTnosSQlFhcyjfTGGN+Mx6R8HdvMw==",
      "requires": {
        "@ethersproject/address": "^5.1.0",
        "@ethersproject/bignumber": "^5.1.0",
        "@ethersproject/bytes": "^5.1.0",
        "@ethersproject/constants": "^5.1.0",
        "@ethersproject/keccak256": "^5.1.0",
        "@ethersproject/logger": "^5.1.0",
        "@ethersproject/properties": "^5.1.0",
        "@ethersproject/rlp": "^5.1.0",
        "@ethersproject/signing-key": "^5.1.0"
      }
    },
    "@ethersproject/web": {
      "version": "5.1.0",
      "resolved": "https://registry.npmjs.org/@ethersproject/web/-/web-5.1.0.tgz",
      "integrity": "sha512-LTeluWgTq04+RNqAkVhpydPcRZK/kKxD2Vy7PYGrAD27ABO9kTqTBKwiOuzTyAHKUQHfnvZbXmxBXJAGViSDcA==",
      "requires": {
        "@ethersproject/base64": "^5.1.0",
        "@ethersproject/bytes": "^5.1.0",
        "@ethersproject/logger": "^5.1.0",
        "@ethersproject/properties": "^5.1.0",
        "@ethersproject/strings": "^5.1.0"
      }
    },
    "@openzeppelin/contracts": {
      "version": "3.4.1-solc-0.7-2",
      "resolved": "https://registry.npmjs.org/@openzeppelin/contracts/-/contracts-3.4.1-solc-0.7-2.tgz",
      "integrity": "sha512-tAG9LWg8+M2CMu7hIsqHPaTyG4uDzjr6mhvH96LvOpLZZj6tgzTluBt+LsCf1/QaYrlis6pITvpIaIhE+iZB+Q=="
    },
    "@uniswap/lib": {
      "version": "4.0.1-alpha",
      "resolved": "https://registry.npmjs.org/@uniswap/lib/-/lib-4.0.1-alpha.tgz",
      "integrity": "sha512-f6UIliwBbRsgVLxIaBANF6w09tYqc6Y/qXdsrbEmXHyFA7ILiKrIwRFXe1yOg8M3cksgVsO9N7yuL2DdCGQKBA=="
    },
    "@uniswap/sdk-core": {
      "version": "2.0.2",
      "resolved": "https://registry.npmjs.org/@uniswap/sdk-core/-/sdk-core-2.0.2.tgz",
      "integrity": "sha512-Cx6epJgXE/b9ZP8GAes3LiYFXuxfd7UDZtn8Wvxr6xEMh8T21HHbsoEs9sB8iCBYfYuw2PT+Pza4GJqQNvnddg==",
      "requires": {
        "@ethersproject/address": "^5.0.2",
        "big.js": "^5.2.2",
        "decimal.js-light": "^2.5.0",
        "jsbi": "^3.1.4",
        "tiny-invariant": "^1.1.0",
        "toformat": "^2.0.0"
      }
    },
    "@uniswap/v2-core": {
      "version": "1.0.1",
      "resolved": "https://registry.npmjs.org/@uniswap/v2-core/-/v2-core-1.0.1.tgz",
      "integrity": "sha512-MtybtkUPSyysqLY2U210NBDeCHX+ltHt3oADGdjqoThZaFRDKwM6k1Nb3F0A3hk5hwuQvytFWhrWHOEq6nVJ8Q=="
    },
    "@uniswap/v3-core": {
      "version": "1.0.0",
      "resolved": "https://registry.npmjs.org/@uniswap/v3-core/-/v3-core-1.0.0.tgz",
      "integrity": "sha512-kSC4djMGKMHj7sLMYVnn61k9nu+lHjMIxgg9CDQT+s2QYLoA56GbSK9Oxr+qJXzzygbkrmuY6cwgP6cW2JXPFA=="
    },
    "@uniswap/v3-periphery": {
      "version": "1.0.0",
      "resolved": "https://registry.npmjs.org/@uniswap/v3-periphery/-/v3-periphery-1.0.0.tgz",
      "integrity": "sha512-kRqUrjnyh+X1wJdSENPDFr9sjRVebv2KyLtfqDOPij0dXJ69GspFU2qrZXjouc6LYdkWG7x3fagiTlw0eGniYQ==",
      "requires": {
        "@openzeppelin/contracts": "3.4.1-solc-0.7-2",
        "@uniswap/lib": "^4.0.1-alpha",
        "@uniswap/v2-core": "1.0.1",
        "@uniswap/v3-core": "1.0.0",
        "base64-sol": "1.0.1"
      }
    },
    "@uniswap/v3-sdk": {
      "version": "2.0.1",
      "resolved": "https://registry.npmjs.org/@uniswap/v3-sdk/-/v3-sdk-2.0.1.tgz",
      "integrity": "sha512-oycuEqGLW+iTcmeZHKOea1H5j9M9tknsEMonSKu5awQ4PPPjtALUYucxyO8W2INTGakLonEPWu6eTv/Q47PDmg==",
      "requires": {
        "@ethersproject/abi": "^5.0.12",
        "@ethersproject/solidity": "^5.0.9",
        "@uniswap/sdk-core": "^2.0.2",
        "@uniswap/v3-periphery": "1.0.0",
        "tiny-invariant": "^1.1.0",
        "tiny-warning": "^1.0.3"
      }
    },
    "base64-sol": {
      "version": "1.0.1",
      "resolved": "https://registry.npmjs.org/base64-sol/-/base64-sol-1.0.1.tgz",
      "integrity": "sha512-ld3cCNMeXt4uJXmLZBHFGMvVpK9KsLVEhPpFRXnvSVAqABKbuNZg/+dsq3NuM+wxFLb/UrVkz7m1ciWmkMfTbg=="
    },
    "big.js": {
      "version": "5.2.2",
      "resolved": "https://registry.npmjs.org/big.js/-/big.js-5.2.2.tgz",
      "integrity": "sha512-vyL2OymJxmarO8gxMr0mhChsO9QGwhynfuu4+MHTAW6czfq9humCB7rKpUjDd9YUiDPU4mzpyupFSvOClAwbmQ=="
    },
    "bn.js": {
      "version": "4.12.0",
      "resolved": "https://registry.npmjs.org/bn.js/-/bn.js-4.12.0.tgz",
      "integrity": "sha512-c98Bf3tPniI+scsdk237ku1Dc3ujXQTSgyiPUDEOe7tRkhrqridvh8klBv0HCEso1OLOYcHuCv/cS6DNxKH+ZA=="
    },
    "brorand": {
      "version": "1.1.0",
      "resolved": "https://registry.npmjs.org/brorand/-/brorand-1.1.0.tgz",
      "integrity": "sha1-EsJe/kCkXjwyPrhnWgoM5XsiNx8="
    },
    "decimal.js-light": {
      "version": "2.5.1",
      "resolved": "https://registry.npmjs.org/decimal.js-light/-/decimal.js-light-2.5.1.tgz",
      "integrity": "sha512-qIMFpTMZmny+MMIitAB6D7iVPEorVw6YQRWkvarTkT4tBeSLLiHzcwj6q0MmYSFCiVpiqPJTJEYIrpcPzVEIvg=="
    },
    "elliptic": {
      "version": "6.5.4",
      "resolved": "https://registry.npmjs.org/elliptic/-/elliptic-6.5.4.tgz",
      "integrity": "sha512-iLhC6ULemrljPZb+QutR5TQGB+pdW6KGD5RSegS+8sorOZT+rdQFbsQFJgvN3eRqNALqJer4oQ16YvJHlU8hzQ==",
      "requires": {
        "bn.js": "^4.11.9",
        "brorand": "^1.1.0",
        "hash.js": "^1.0.0",
        "hmac-drbg": "^1.0.1",
        "inherits": "^2.0.4",
        "minimalistic-assert": "^1.0.1",
        "minimalistic-crypto-utils": "^1.0.1"
      }
    },
    "hash.js": {
      "version": "1.1.3",
      "resolved": "https://registry.npmjs.org/hash.js/-/hash.js-1.1.3.tgz",
      "integrity": "sha512-/UETyP0W22QILqS+6HowevwhEFJ3MBJnwTf75Qob9Wz9t0DPuisL8kW8YZMK62dHAKE1c1p+gY1TtOLY+USEHA==",
      "requires": {
        "inherits": "^2.0.3",
        "minimalistic-assert": "^1.0.0"
      }
    },
    "hmac-drbg": {
      "version": "1.0.1",
      "resolved": "https://registry.npmjs.org/hmac-drbg/-/hmac-drbg-1.0.1.tgz",
      "integrity": "sha1-0nRXAQJabHdabFRXk+1QL8DGSaE=",
      "requires": {
        "hash.js": "^1.0.3",
        "minimalistic-assert": "^1.0.0",
        "minimalistic-crypto-utils": "^1.0.1"
      }
    },
    "inherits": {
      "version": "2.0.4",
      "resolved": "https://registry.npmjs.org/inherits/-/inherits-2.0.4.tgz",
      "integrity": "sha512-k/vGaX4/Yla3WzyMCvTQOXYeIHvqOKtnqBduzTHpzpQZzAskKMhZ2K+EnBiSM9zGSoIFeMpXKxa4dYeZIQqewQ=="
    },
    "js-sha3": {
      "version": "0.5.7",
      "resolved": "https://registry.npmjs.org/js-sha3/-/js-sha3-0.5.7.tgz",
      "integrity": "sha1-DU/9gALVMzqrr0oj7tL2N0yfKOc="
    },
    "jsbi": {
      "version": "3.1.4",
      "resolved": "https://registry.npmjs.org/jsbi/-/jsbi-3.1.4.tgz",
      "integrity": "sha512-52QRRFSsi9impURE8ZUbzAMCLjPm4THO7H2fcuIvaaeFTbSysvkodbQQXIVsNgq/ypDbq6dJiuGKL0vZ/i9hUg=="
    },
    "minimalistic-assert": {
      "version": "1.0.1",
      "resolved": "https://registry.npmjs.org/minimalistic-assert/-/minimalistic-assert-1.0.1.tgz",
      "integrity": "sha512-UtJcAD4yEaGtjPezWuO9wC4nwUnVH/8/Im3yEHQP4b67cXlD/Qr9hdITCU1xDbSEXg2XKNaP8jsReV7vQd00/A=="
    },
    "minimalistic-crypto-utils": {
      "version": "1.0.1",
      "resolved": "https://registry.npmjs.org/minimalistic-crypto-utils/-/minimalistic-crypto-utils-1.0.1.tgz",
      "integrity": "sha1-9sAMHAsIIkblxNmd+4x8CDsrWCo="
    },
    "tiny-invariant": {
      "version": "1.1.0",
      "resolved": "https://registry.npmjs.org/tiny-invariant/-/tiny-invariant-1.1.0.tgz",
      "integrity": "sha512-ytxQvrb1cPc9WBEI/HSeYYoGD0kWnGEOR8RY6KomWLBVhqz0RgTwVO9dLrGz7dC+nN9llyI7OKAgRq8Vq4ZBSw=="
    },
    "tiny-warning": {
      "version": "1.0.3",
      "resolved": "https://registry.npmjs.org/tiny-warning/-/tiny-warning-1.0.3.tgz",
      "integrity": "sha512-lBN9zLN/oAf68o3zNXYrdCt1kP8WsiGW8Oo2ka41b2IM5JL/S1CTyX1rW0mb/zSuJun0ZUrDxx4sqvYS2FWzPA=="
    },
    "toformat": {
      "version": "2.0.0",
      "resolved": "https://registry.npmjs.org/toformat/-/toformat-2.0.0.tgz",
      "integrity": "sha512-03SWBVop6nU8bpyZCx7SodpYznbZF5R4ljwNLBcTQzKOD9xuihRo/psX58llS1BMFhhAI08H3luot5GoXJz2pQ=="
    }
  }
}
